
Microsoft Visual Studio Solution File, Format Version 12.00
# Visual Studio Version 17
VisualStudioVersion = 17.8.34309.116
MinimumVisualStudioVersion = 10.0.40219.1
Project("{FAE04EC0-301F-11D3-BF4B-00C04F79EFBC}") = "Lists2425", "Lists2425\Lists2425.csproj", "{DCD32BAF-1433-493F-B746-600AB7BE0B00}"
EndProject
Global
	GlobalSection(SolutionConfigurationPlatforms) = preSolution
		Debug|Any CPU = Debug|Any CPU
		Release|Any CPU = Release|Any CPU
	EndGlobalSection
	GlobalSection(ProjectConfigurationPlatforms) = postSolution
		{DCD32BAF-1433-493F-B746-600AB7BE0B00}.Debug|Any CPU.ActiveCfg = Debug|Any CPU
		{DCD32BAF-1433-493F-B746-600AB7BE0B00}.Debug|Any CPU.Build.0 = Debug|Any CPU
		{DCD32BAF-1433-493F-B746-600AB7BE0B00}.Release|Any CPU.ActiveCfg = Release|Any CPU
		{DCD32BAF-1433-493F-B746-600AB7BE0B00}.Release|Any CPU.Build.0 = Release|Any CPU
	EndGlobalSection
	GlobalSection(SolutionProperties) = preSolution
		HideSolutionNode = FALSE
	EndGlobalSection
	GlobalSection(ExtensibilityGlobals) = postSolution
		SolutionGuid = {63E97B0C-FB1C-484E-82A7-41405036AB98}
	EndGlobalSection
EndGlobal
